
Microsoft Visual Studio Solution File, Format Version 12.00
# Visual Studio Version 16
VisualStudioVersion = 16.0.31624.102
MinimumVisualStudioVersion = 10.0.40219.1
Project("{FAE04EC0-301F-11D3-BF4B-00C04F79EFBC}") = "UnusArmatusLattro", "UnusArmatusLattro\UnusArmatusLattro.csproj", "{FC158632-91F0-479E-8746-3227BE419E6E}"
EndProject
Global
	GlobalSection(SolutionConfigurationPlatforms) = preSolution
		Debug|Any CPU = Debug|Any CPU
		Release|Any CPU = Release|Any CPU
	EndGlobalSection
	GlobalSection(ProjectConfigurationPlatforms) = postSolution
		{FC158632-91F0-479E-8746-3227BE419E6E}.Debug|Any CPU.ActiveCfg = Debug|Any CPU
		{FC158632-91F0-479E-8746-3227BE419E6E}.Debug|Any CPU.Build.0 = Debug|Any CPU
		{FC158632-91F0-479E-8746-3227BE419E6E}.Release|Any CPU.ActiveCfg = Release|Any CPU
		{FC158632-91F0-479E-8746-3227BE419E6E}.Release|Any CPU.Build.0 = Release|Any CPU
	EndGlobalSection
	GlobalSection(SolutionProperties) = preSolution
		HideSolutionNode = FALSE
	EndGlobalSection
	GlobalSection(ExtensibilityGlobals) = postSolution
		SolutionGuid = {4FBB6718-AB03-4A57-953F-D746989D9B4F}
	EndGlobalSection
EndGlobal
